
Microsoft Visual Studio Solution File, Format Version 12.00
# Visual Studio Version 17
VisualStudioVersion = 17.1.32421.90
MinimumVisualStudioVersion = 10.0.40219.1
Project("{FAE04EC0-301F-11D3-BF4B-00C04F79EFBC}") = "01. Tiles Master", "ConsoleApp1\01. Tiles Master.csproj", "{8459B5B0-531C-48C1-937E-D1B48DBFD444}"
EndProject
Project("{FAE04EC0-301F-11D3-BF4B-00C04F79EFBC}") = "02. Wall Destroyer", "02. Wall Destroyer\02. Wall Destroyer.csproj", "{7C2A183F-8EC6-4DE0-9B0F-266A8384207B}"
EndProject
Global
	GlobalSection(SolutionConfigurationPlatforms) = preSolution
		Debug|Any CPU = Debug|Any CPU
		Release|Any CPU = Release|Any CPU
	EndGlobalSection
	GlobalSection(ProjectConfigurationPlatforms) = postSolution
		{8459B5B0-531C-48C1-937E-D1B48DBFD444}.Debug|Any CPU.ActiveCfg = Debug|Any CPU
		{8459B5B0-531C-48C1-937E-D1B48DBFD444}.Debug|Any CPU.Build.0 = Debug|Any CPU
		{8459B5B0-531C-48C1-937E-D1B48DBFD444}.Release|Any CPU.ActiveCfg = Release|Any CPU
		{8459B5B0-531C-48C1-937E-D1B48DBFD444}.Release|Any CPU.Build.0 = Release|Any CPU
		{7C2A183F-8EC6-4DE0-9B0F-266A8384207B}.Debug|Any CPU.ActiveCfg = Debug|Any CPU
		{7C2A183F-8EC6-4DE0-9B0F-266A8384207B}.Debug|Any CPU.Build.0 = Debug|Any CPU
		{7C2A183F-8EC6-4DE0-9B0F-266A8384207B}.Release|Any CPU.ActiveCfg = Release|Any CPU
		{7C2A183F-8EC6-4DE0-9B0F-266A8384207B}.Release|Any CPU.Build.0 = Release|Any CPU
	EndGlobalSection
	GlobalSection(SolutionProperties) = preSolution
		HideSolutionNode = FALSE
	EndGlobalSection
	GlobalSection(ExtensibilityGlobals) = postSolution
		SolutionGuid = {89BCA5CB-D17A-4F9D-91BC-54AD60E397FF}
	EndGlobalSection
EndGlobal
