
Microsoft Visual Studio Solution File, Format Version 12.00
# Visual Studio Version 17
VisualStudioVersion = 17.1.32421.90
MinimumVisualStudioVersion = 10.0.40219.1
Project("{9A19103F-16F7-4668-BE54-9A1E7A4F7556}") = "Vehicles", "Vehicles\Vehicles.csproj", "{B48617B1-291A-4409-BFE6-48F13D7F3D77}"
EndProject
Project("{FAE04EC0-301F-11D3-BF4B-00C04F79EFBC}") = "Raiding", "Raiding\Raiding.csproj", "{F2E2BC1C-9586-40C1-B6A5-390FE2889573}"
EndProject
Project("{FAE04EC0-301F-11D3-BF4B-00C04F79EFBC}") = "WildFarm", "WildFarm\WildFarm.csproj", "{B8EDEE1D-DB02-4AAA-83F8-8F0AC2E5C656}"
EndProject
Global
	GlobalSection(SolutionConfigurationPlatforms) = preSolution
		Debug|Any CPU = Debug|Any CPU
		Release|Any CPU = Release|Any CPU
	EndGlobalSection
	GlobalSection(ProjectConfigurationPlatforms) = postSolution
		{B48617B1-291A-4409-BFE6-48F13D7F3D77}.Debug|Any CPU.ActiveCfg = Debug|Any CPU
		{B48617B1-291A-4409-BFE6-48F13D7F3D77}.Debug|Any CPU.Build.0 = Debug|Any CPU
		{B48617B1-291A-4409-BFE6-48F13D7F3D77}.Release|Any CPU.ActiveCfg = Release|Any CPU
		{B48617B1-291A-4409-BFE6-48F13D7F3D77}.Release|Any CPU.Build.0 = Release|Any CPU
		{F2E2BC1C-9586-40C1-B6A5-390FE2889573}.Debug|Any CPU.ActiveCfg = Debug|Any CPU
		{F2E2BC1C-9586-40C1-B6A5-390FE2889573}.Debug|Any CPU.Build.0 = Debug|Any CPU
		{F2E2BC1C-9586-40C1-B6A5-390FE2889573}.Release|Any CPU.ActiveCfg = Release|Any CPU
		{F2E2BC1C-9586-40C1-B6A5-390FE2889573}.Release|Any CPU.Build.0 = Release|Any CPU
		{B8EDEE1D-DB02-4AAA-83F8-8F0AC2E5C656}.Debug|Any CPU.ActiveCfg = Debug|Any CPU
		{B8EDEE1D-DB02-4AAA-83F8-8F0AC2E5C656}.Debug|Any CPU.Build.0 = Debug|Any CPU
		{B8EDEE1D-DB02-4AAA-83F8-8F0AC2E5C656}.Release|Any CPU.ActiveCfg = Release|Any CPU
		{B8EDEE1D-DB02-4AAA-83F8-8F0AC2E5C656}.Release|Any CPU.Build.0 = Release|Any CPU
	EndGlobalSection
	GlobalSection(SolutionProperties) = preSolution
		HideSolutionNode = FALSE
	EndGlobalSection
	GlobalSection(ExtensibilityGlobals) = postSolution
		SolutionGuid = {AB6C47DE-AABD-40CB-8F5F-FF20421CE743}
	EndGlobalSection
EndGlobal
