
Microsoft Visual Studio Solution File, Format Version 12.00
# Visual Studio Version 17
VisualStudioVersion = 17.1.32421.90
MinimumVisualStudioVersion = 10.0.40219.1
Project("{9A19103F-16F7-4668-BE54-9A1E7A4F7556}") = "Farm", "Farm\Farm.csproj", "{976612F7-B815-4A37-B898-E8EC1DDECC9A}"
EndProject
Project("{9A19103F-16F7-4668-BE54-9A1E7A4F7556}") = "CustomRandomList", "CustomRandomList\CustomRandomList.csproj", "{030C4427-9D93-4CE2-BC6D-0AC0D6B361CF}"
EndProject
Project("{FAE04EC0-301F-11D3-BF4B-00C04F79EFBC}") = "CustomStack", "CustomStack\CustomStack.csproj", "{723DEE21-91D5-41FF-98C8-CAD1312968B0}"
EndProject
Global
	GlobalSection(SolutionConfigurationPlatforms) = preSolution
		Debug|Any CPU = Debug|Any CPU
		Release|Any CPU = Release|Any CPU
	EndGlobalSection
	GlobalSection(ProjectConfigurationPlatforms) = postSolution
		{976612F7-B815-4A37-B898-E8EC1DDECC9A}.Debug|Any CPU.ActiveCfg = Debug|Any CPU
		{976612F7-B815-4A37-B898-E8EC1DDECC9A}.Debug|Any CPU.Build.0 = Debug|Any CPU
		{976612F7-B815-4A37-B898-E8EC1DDECC9A}.Release|Any CPU.ActiveCfg = Release|Any CPU
		{976612F7-B815-4A37-B898-E8EC1DDECC9A}.Release|Any CPU.Build.0 = Release|Any CPU
		{030C4427-9D93-4CE2-BC6D-0AC0D6B361CF}.Debug|Any CPU.ActiveCfg = Debug|Any CPU
		{030C4427-9D93-4CE2-BC6D-0AC0D6B361CF}.Debug|Any CPU.Build.0 = Debug|Any CPU
		{030C4427-9D93-4CE2-BC6D-0AC0D6B361CF}.Release|Any CPU.ActiveCfg = Release|Any CPU
		{030C4427-9D93-4CE2-BC6D-0AC0D6B361CF}.Release|Any CPU.Build.0 = Release|Any CPU
		{723DEE21-91D5-41FF-98C8-CAD1312968B0}.Debug|Any CPU.ActiveCfg = Debug|Any CPU
		{723DEE21-91D5-41FF-98C8-CAD1312968B0}.Debug|Any CPU.Build.0 = Debug|Any CPU
		{723DEE21-91D5-41FF-98C8-CAD1312968B0}.Release|Any CPU.ActiveCfg = Release|Any CPU
		{723DEE21-91D5-41FF-98C8-CAD1312968B0}.Release|Any CPU.Build.0 = Release|Any CPU
	EndGlobalSection
	GlobalSection(SolutionProperties) = preSolution
		HideSolutionNode = FALSE
	EndGlobalSection
	GlobalSection(ExtensibilityGlobals) = postSolution
		SolutionGuid = {32E933B0-9DDC-40BE-B2B8-E914136C2170}
	EndGlobalSection
EndGlobal
