
Microsoft Visual Studio Solution File, Format Version 12.00
# Visual Studio Version 17
VisualStudioVersion = 17.1.32421.90
MinimumVisualStudioVersion = 10.0.40219.1
Project("{FAE04EC0-301F-11D3-BF4B-00C04F79EFBC}") = "BankSoftware", "ConsoleApp1\BankSoftware.csproj", "{A1C969F7-71F8-46DD-B9B1-3501B131CFBA}"
EndProject
Global
	GlobalSection(SolutionConfigurationPlatforms) = preSolution
		Debug|Any CPU = Debug|Any CPU
		Release|Any CPU = Release|Any CPU
	EndGlobalSection
	GlobalSection(ProjectConfigurationPlatforms) = postSolution
		{A1C969F7-71F8-46DD-B9B1-3501B131CFBA}.Debug|Any CPU.ActiveCfg = Debug|Any CPU
		{A1C969F7-71F8-46DD-B9B1-3501B131CFBA}.Debug|Any CPU.Build.0 = Debug|Any CPU
		{A1C969F7-71F8-46DD-B9B1-3501B131CFBA}.Release|Any CPU.ActiveCfg = Release|Any CPU
		{A1C969F7-71F8-46DD-B9B1-3501B131CFBA}.Release|Any CPU.Build.0 = Release|Any CPU
	EndGlobalSection
	GlobalSection(SolutionProperties) = preSolution
		HideSolutionNode = FALSE
	EndGlobalSection
	GlobalSection(ExtensibilityGlobals) = postSolution
		SolutionGuid = {782BF20C-98E8-46D3-9A87-205BA54E1530}
	EndGlobalSection
EndGlobal
